Microsoft Visual Studio Solution File, Format Version 12.00
# Visual Studio Version 17
VisualStudioVersion = 17.5.2.0
MinimumVisualStudioVersion = 10.0.40219.1
Project("{FAE04EC0-301F-11D3-BF4B-00C04F79EFBC}") = "mt.net", "mt.net.csproj", "{325D6AB5-43C2-AE87-C42F-752C6B55CC90}"
EndProject
Global
	GlobalSection(SolutionConfigurationPlatforms) = preSolution
		Debug|Any CPU = Debug|Any CPU
		Release|Any CPU = Release|Any CPU
	EndGlobalSection
	GlobalSection(ProjectConfigurationPlatforms) = postSolution
		{325D6AB5-43C2-AE87-C42F-752C6B55CC90}.Debug|Any CPU.ActiveCfg = Debug|Any CPU
		{325D6AB5-43C2-AE87-C42F-752C6B55CC90}.Debug|Any CPU.Build.0 = Debug|Any CPU
		{325D6AB5-43C2-AE87-C42F-752C6B55CC90}.Release|Any CPU.ActiveCfg = Release|Any CPU
		{325D6AB5-43C2-AE87-C42F-752C6B55CC90}.Release|Any CPU.Build.0 = Release|Any CPU
	EndGlobalSection
	GlobalSection(SolutionProperties) = preSolution
		HideSolutionNode = FALSE
	EndGlobalSection
	GlobalSection(ExtensibilityGlobals) = postSolution
		SolutionGuid = {1763C21B-2E83-4BDA-BF5D-C4E98EF618EB}
	EndGlobalSection
EndGlobal
